
Microsoft Visual Studio Solution File, Format Version 12.00
# Visual Studio Version 17
VisualStudioVersion = 17.2.32630.192
MinimumVisualStudioVersion = 10.0.40219.1
Project("{9A19103F-16F7-4668-BE54-9A1E7A4F7556}") = "R5T.Z0033.Construction", "R5T.Z0033.Construction\R5T.Z0033.Construction.csproj", "{93EDA9E9-5405-4BD9-8ED4-42F337DCA633}"
EndProject
Project("{9A19103F-16F7-4668-BE54-9A1E7A4F7556}") = "R5T.Z0033", "R5T.Z0033\R5T.Z0033.csproj", "{BE8FB164-06A4-492F-B8C5-6E7BDC0A68F1}"
EndProject
Project("{2150E333-8FDC-42A3-9474-1A3956D46DE8}") = "_Dependencies", "_Dependencies", "{F81DDA9F-C094-446E-8783-8A9037F9CEA4}"
EndProject
Project("{9A19103F-16F7-4668-BE54-9A1E7A4F7556}") = "R5T.F0000", "..\..\R5T.F0000\source\R5T.F0000\R5T.F0000.csproj", "{210EBBDB-EB2D-4954-92F4-D17A306CF754}"
EndProject
Project("{9A19103F-16F7-4668-BE54-9A1E7A4F7556}") = "R5T.R0008.T000", "..\..\R5T.R0008\source\R5T.R0008.T000\R5T.R0008.T000.csproj", "{12DFE1AF-54F5-4492-8498-66B9F3E12BCC}"
EndProject
Project("{9A19103F-16F7-4668-BE54-9A1E7A4F7556}") = "R5T.R0008", "..\..\R5T.R0008\source\R5T.R0008\R5T.R0008.csproj", "{7A2DB02F-9AF7-4C91-AA73-D4914F6B85BB}"
EndProject
Project("{9A19103F-16F7-4668-BE54-9A1E7A4F7556}") = "R5T.T0131", "..\..\R5T.T0131\source\R5T.T0131\R5T.T0131.csproj", "{C2003C37-28F0-4833-A612-0368ED1A61AB}"
EndProject
Project("{9A19103F-16F7-4668-BE54-9A1E7A4F7556}") = "R5T.T0132", "..\..\R5T.T0132\source\R5T.T0132\R5T.T0132.csproj", "{855BB1F7-321D-45C5-826F-AD67BEF21860}"
EndProject
Project("{9A19103F-16F7-4668-BE54-9A1E7A4F7556}") = "R5T.T0142", "..\..\R5T.T0142\source\R5T.T0142\R5T.T0142.csproj", "{435D2705-924B-4BBC-89CE-0E4D05482344}"
EndProject
Project("{9A19103F-16F7-4668-BE54-9A1E7A4F7556}") = "R5T.T0143", "..\..\R5T.T0143\source\R5T.T0143\R5T.T0143.csproj", "{CF9521E7-1D40-4013-B253-7F4971886587}"
EndProject
Project("{9A19103F-16F7-4668-BE54-9A1E7A4F7556}") = "R5T.T0150", "..\..\R5T.T0150\source\R5T.T0150\R5T.T0150.csproj", "{AFE84116-B003-4B63-BF87-20C34D8DBEF4}"
EndProject
Project("{9A19103F-16F7-4668-BE54-9A1E7A4F7556}") = "R5T.T0156", "..\..\R5T.T0156\source\R5T.T0156\R5T.T0156.csproj", "{C3087EEE-7A6D-4B8E-8455-D864F0748E4E}"
EndProject
Project("{9A19103F-16F7-4668-BE54-9A1E7A4F7556}") = "R5T.Y0000", "..\..\R5T.Y0000\source\R5T.Y0000\R5T.Y0000.csproj", "{12E76161-B778-40E8-BD0A-1CC0D030B85F}"
EndProject
Project("{9A19103F-16F7-4668-BE54-9A1E7A4F7556}") = "R5T.Z0000", "..\..\R5T.Z0000\source\R5T.Z0000\R5T.Z0000.csproj", "{D19C678C-A453-483B-9124-3DCC010EC6F9}"
EndProject
Global
	GlobalSection(NestedProjects) = preSolution
		{210EBBDB-EB2D-4954-92F4-D17A306CF754} = {F81DDA9F-C094-446E-8783-8A9037F9CEA4}
		{12DFE1AF-54F5-4492-8498-66B9F3E12BCC} = {F81DDA9F-C094-446E-8783-8A9037F9CEA4}
		{7A2DB02F-9AF7-4C91-AA73-D4914F6B85BB} = {F81DDA9F-C094-446E-8783-8A9037F9CEA4}
		{C2003C37-28F0-4833-A612-0368ED1A61AB} = {F81DDA9F-C094-446E-8783-8A9037F9CEA4}
		{855BB1F7-321D-45C5-826F-AD67BEF21860} = {F81DDA9F-C094-446E-8783-8A9037F9CEA4}
		{435D2705-924B-4BBC-89CE-0E4D05482344} = {F81DDA9F-C094-446E-8783-8A9037F9CEA4}
		{CF9521E7-1D40-4013-B253-7F4971886587} = {F81DDA9F-C094-446E-8783-8A9037F9CEA4}
		{AFE84116-B003-4B63-BF87-20C34D8DBEF4} = {F81DDA9F-C094-446E-8783-8A9037F9CEA4}
		{C3087EEE-7A6D-4B8E-8455-D864F0748E4E} = {F81DDA9F-C094-446E-8783-8A9037F9CEA4}
		{12E76161-B778-40E8-BD0A-1CC0D030B85F} = {F81DDA9F-C094-446E-8783-8A9037F9CEA4}
		{D19C678C-A453-483B-9124-3DCC010EC6F9} = {F81DDA9F-C094-446E-8783-8A9037F9CEA4}
	EndGlobalSection
	GlobalSection(SolutionConfigurationPlatforms) = preSolution
		Debug|Any CPU = Debug|Any CPU
		Release|Any CPU = Release|Any CPU
	EndGlobalSection
	GlobalSection(ProjectConfigurationPlatforms) = postSolution
		{93EDA9E9-5405-4BD9-8ED4-42F337DCA633}.Debug|Any CPU.ActiveCfg = Debug|Any CPU
		{93EDA9E9-5405-4BD9-8ED4-42F337DCA633}.Debug|Any CPU.Build.0 = Debug|Any CPU
		{93EDA9E9-5405-4BD9-8ED4-42F337DCA633}.Release|Any CPU.ActiveCfg = Release|Any CPU
		{93EDA9E9-5405-4BD9-8ED4-42F337DCA633}.Release|Any CPU.Build.0 = Release|Any CPU
		{BE8FB164-06A4-492F-B8C5-6E7BDC0A68F1}.Debug|Any CPU.ActiveCfg = Debug|Any CPU
		{BE8FB164-06A4-492F-B8C5-6E7BDC0A68F1}.Debug|Any CPU.Build.0 = Debug|Any CPU
		{BE8FB164-06A4-492F-B8C5-6E7BDC0A68F1}.Release|Any CPU.ActiveCfg = Release|Any CPU
		{BE8FB164-06A4-492F-B8C5-6E7BDC0A68F1}.Release|Any CPU.Build.0 = Release|Any CPU
		{210EBBDB-EB2D-4954-92F4-D17A306CF754}.Debug|Any CPU.ActiveCfg = Debug|Any CPU
		{210EBBDB-EB2D-4954-92F4-D17A306CF754}.Debug|Any CPU.Build.0 = Debug|Any CPU
		{210EBBDB-EB2D-4954-92F4-D17A306CF754}.Release|Any CPU.ActiveCfg = Release|Any CPU
		{210EBBDB-EB2D-4954-92F4-D17A306CF754}.Release|Any CPU.Build.0 = Release|Any CPU
		{12DFE1AF-54F5-4492-8498-66B9F3E12BCC}.Debug|Any CPU.ActiveCfg = Debug|Any CPU
		{12DFE1AF-54F5-4492-8498-66B9F3E12BCC}.Debug|Any CPU.Build.0 = Debug|Any CPU
		{12DFE1AF-54F5-4492-8498-66B9F3E12BCC}.Release|Any CPU.ActiveCfg = Release|Any CPU
		{12DFE1AF-54F5-4492-8498-66B9F3E12BCC}.Release|Any CPU.Build.0 = Release|Any CPU
		{7A2DB02F-9AF7-4C91-AA73-D4914F6B85BB}.Debug|Any CPU.ActiveCfg = Debug|Any CPU
		{7A2DB02F-9AF7-4C91-AA73-D4914F6B85BB}.Debug|Any CPU.Build.0 = Debug|Any CPU
		{7A2DB02F-9AF7-4C91-AA73-D4914F6B85BB}.Release|Any CPU.ActiveCfg = Release|Any CPU
		{7A2DB02F-9AF7-4C91-AA73-D4914F6B85BB}.Release|Any CPU.Build.0 = Release|Any CPU
		{C2003C37-28F0-4833-A612-0368ED1A61AB}.Debug|Any CPU.ActiveCfg = Debug|Any CPU
		{C2003C37-28F0-4833-A612-0368ED1A61AB}.Debug|Any CPU.Build.0 = Debug|Any CPU
		{C2003C37-28F0-4833-A612-0368ED1A61AB}.Release|Any CPU.ActiveCfg = Release|Any CPU
		{C2003C37-28F0-4833-A612-0368ED1A61AB}.Release|Any CPU.Build.0 = Release|Any CPU
		{855BB1F7-321D-45C5-826F-AD67BEF21860}.Debug|Any CPU.ActiveCfg = Debug|Any CPU
		{855BB1F7-321D-45C5-826F-AD67BEF21860}.Debug|Any CPU.Build.0 = Debug|Any CPU
		{855BB1F7-321D-45C5-826F-AD67BEF21860}.Release|Any CPU.ActiveCfg = Release|Any CPU
		{855BB1F7-321D-45C5-826F-AD67BEF21860}.Release|Any CPU.Build.0 = Release|Any CPU
		{435D2705-924B-4BBC-89CE-0E4D05482344}.Debug|Any CPU.ActiveCfg = Debug|Any CPU
		{435D2705-924B-4BBC-89CE-0E4D05482344}.Debug|Any CPU.Build.0 = Debug|Any CPU
		{435D2705-924B-4BBC-89CE-0E4D05482344}.Release|Any CPU.ActiveCfg = Release|Any CPU
		{435D2705-924B-4BBC-89CE-0E4D05482344}.Release|Any CPU.Build.0 = Release|Any CPU
		{CF9521E7-1D40-4013-B253-7F4971886587}.Debug|Any CPU.ActiveCfg = Debug|Any CPU
		{CF9521E7-1D40-4013-B253-7F4971886587}.Debug|Any CPU.Build.0 = Debug|Any CPU
		{CF9521E7-1D40-4013-B253-7F4971886587}.Release|Any CPU.ActiveCfg = Release|Any CPU
		{CF9521E7-1D40-4013-B253-7F4971886587}.Release|Any CPU.Build.0 = Release|Any CPU
		{AFE84116-B003-4B63-BF87-20C34D8DBEF4}.Debug|Any CPU.ActiveCfg = Debug|Any CPU
		{AFE84116-B003-4B63-BF87-20C34D8DBEF4}.Debug|Any CPU.Build.0 = Debug|Any CPU
		{AFE84116-B003-4B63-BF87-20C34D8DBEF4}.Release|Any CPU.ActiveCfg = Release|Any CPU
		{AFE84116-B003-4B63-BF87-20C34D8DBEF4}.Release|Any CPU.Build.0 = Release|Any CPU
		{C3087EEE-7A6D-4B8E-8455-D864F0748E4E}.Debug|Any CPU.ActiveCfg = Debug|Any CPU
		{C3087EEE-7A6D-4B8E-8455-D864F0748E4E}.Debug|Any CPU.Build.0 = Debug|Any CPU
		{C3087EEE-7A6D-4B8E-8455-D864F0748E4E}.Release|Any CPU.ActiveCfg = Release|Any CPU
		{C3087EEE-7A6D-4B8E-8455-D864F0748E4E}.Release|Any CPU.Build.0 = Release|Any CPU
		{12E76161-B778-40E8-BD0A-1CC0D030B85F}.Debug|Any CPU.ActiveCfg = Debug|Any CPU
		{12E76161-B778-40E8-BD0A-1CC0D030B85F}.Debug|Any CPU.Build.0 = Debug|Any CPU
		{12E76161-B778-40E8-BD0A-1CC0D030B85F}.Release|Any CPU.ActiveCfg = Release|Any CPU
		{12E76161-B778-40E8-BD0A-1CC0D030B85F}.Release|Any CPU.Build.0 = Release|Any CPU
		{D19C678C-A453-483B-9124-3DCC010EC6F9}.Debug|Any CPU.ActiveCfg = Debug|Any CPU
		{D19C678C-A453-483B-9124-3DCC010EC6F9}.Debug|Any CPU.Build.0 = Debug|Any CPU
		{D19C678C-A453-483B-9124-3DCC010EC6F9}.Release|Any CPU.ActiveCfg = Release|Any CPU
		{D19C678C-A453-483B-9124-3DCC010EC6F9}.Release|Any CPU.Build.0 = Release|Any CPU
	EndGlobalSection
	GlobalSection(SolutionProperties) = preSolution
		HideSolutionNode = FALSE
	EndGlobalSection
	GlobalSection(ExtensibilityGlobals) = postSolution
		SolutionGuid = {6D4ABF7E-55E1-42EA-BEF3-780338648FE4}
	EndGlobalSection
EndGlobal
