
Microsoft Visual Studio Solution File, Format Version 12.00
# Visual Studio Version 17
VisualStudioVersion = 17.2.32630.192
MinimumVisualStudioVersion = 10.0.40219.1
Project("{9A19103F-16F7-4668-BE54-9A1E7A4F7556}") = "R5T.Z0033", "R5T.Z0033\R5T.Z0033.csproj", "{24D155BC-106E-40D0-AEC9-99F35EFA2EBA}"
EndProject
Project("{2150E333-8FDC-42A3-9474-1A3956D46DE8}") = "_Dependencies", "_Dependencies", "{CD0BF1AD-5E2E-46F8-A5A6-E7FCF148DE53}"
EndProject
Project("{9A19103F-16F7-4668-BE54-9A1E7A4F7556}") = "R5T.F0000", "..\..\R5T.F0000\source\R5T.F0000\R5T.F0000.csproj", "{0EFACC64-8ABC-413C-96DB-47FE60E6C75E}"
EndProject
Project("{9A19103F-16F7-4668-BE54-9A1E7A4F7556}") = "R5T.R0008.T000", "..\..\R5T.R0008\source\R5T.R0008.T000\R5T.R0008.T000.csproj", "{01FFCA9F-F622-4CB3-969C-E6E6ABBF2B24}"
EndProject
Project("{9A19103F-16F7-4668-BE54-9A1E7A4F7556}") = "R5T.R0008", "..\..\R5T.R0008\source\R5T.R0008\R5T.R0008.csproj", "{271EF271-F014-4945-81D9-01C254141ADB}"
EndProject
Project("{9A19103F-16F7-4668-BE54-9A1E7A4F7556}") = "R5T.T0131", "..\..\R5T.T0131\source\R5T.T0131\R5T.T0131.csproj", "{CD2BBFA7-3FFC-4666-9E05-B7521683873F}"
EndProject
Project("{9A19103F-16F7-4668-BE54-9A1E7A4F7556}") = "R5T.T0132", "..\..\R5T.T0132\source\R5T.T0132\R5T.T0132.csproj", "{56777496-206D-4C32-B981-3047FDB6EB94}"
EndProject
Project("{9A19103F-16F7-4668-BE54-9A1E7A4F7556}") = "R5T.T0142", "..\..\R5T.T0142\source\R5T.T0142\R5T.T0142.csproj", "{991959CD-3470-4331-A3E6-0E20EE0A86B6}"
EndProject
Project("{9A19103F-16F7-4668-BE54-9A1E7A4F7556}") = "R5T.T0143", "..\..\R5T.T0143\source\R5T.T0143\R5T.T0143.csproj", "{19C6D9C9-1008-4052-916D-69A0CA1FE53A}"
EndProject
Project("{9A19103F-16F7-4668-BE54-9A1E7A4F7556}") = "R5T.T0150", "..\..\R5T.T0150\source\R5T.T0150\R5T.T0150.csproj", "{77F0F8F6-9003-4528-B9B4-31FE0DB3871B}"
EndProject
Project("{9A19103F-16F7-4668-BE54-9A1E7A4F7556}") = "R5T.T0156", "..\..\R5T.T0156\source\R5T.T0156\R5T.T0156.csproj", "{2014C7D6-67E8-46CC-9D32-9D5A2355144F}"
EndProject
Project("{9A19103F-16F7-4668-BE54-9A1E7A4F7556}") = "R5T.Y0000", "..\..\R5T.Y0000\source\R5T.Y0000\R5T.Y0000.csproj", "{3C7A4DE4-F1E6-4CA7-B196-8A69A529AC0F}"
EndProject
Project("{9A19103F-16F7-4668-BE54-9A1E7A4F7556}") = "R5T.Z0000", "..\..\R5T.Z0000\source\R5T.Z0000\R5T.Z0000.csproj", "{401FC313-004D-4417-B978-1719BF4A7F90}"
EndProject
Global
	GlobalSection(NestedProjects) = preSolution
		{0EFACC64-8ABC-413C-96DB-47FE60E6C75E} = {CD0BF1AD-5E2E-46F8-A5A6-E7FCF148DE53}
		{01FFCA9F-F622-4CB3-969C-E6E6ABBF2B24} = {CD0BF1AD-5E2E-46F8-A5A6-E7FCF148DE53}
		{271EF271-F014-4945-81D9-01C254141ADB} = {CD0BF1AD-5E2E-46F8-A5A6-E7FCF148DE53}
		{CD2BBFA7-3FFC-4666-9E05-B7521683873F} = {CD0BF1AD-5E2E-46F8-A5A6-E7FCF148DE53}
		{56777496-206D-4C32-B981-3047FDB6EB94} = {CD0BF1AD-5E2E-46F8-A5A6-E7FCF148DE53}
		{991959CD-3470-4331-A3E6-0E20EE0A86B6} = {CD0BF1AD-5E2E-46F8-A5A6-E7FCF148DE53}
		{19C6D9C9-1008-4052-916D-69A0CA1FE53A} = {CD0BF1AD-5E2E-46F8-A5A6-E7FCF148DE53}
		{77F0F8F6-9003-4528-B9B4-31FE0DB3871B} = {CD0BF1AD-5E2E-46F8-A5A6-E7FCF148DE53}
		{2014C7D6-67E8-46CC-9D32-9D5A2355144F} = {CD0BF1AD-5E2E-46F8-A5A6-E7FCF148DE53}
		{3C7A4DE4-F1E6-4CA7-B196-8A69A529AC0F} = {CD0BF1AD-5E2E-46F8-A5A6-E7FCF148DE53}
		{401FC313-004D-4417-B978-1719BF4A7F90} = {CD0BF1AD-5E2E-46F8-A5A6-E7FCF148DE53}
	EndGlobalSection
	GlobalSection(SolutionConfigurationPlatforms) = preSolution
		Debug|Any CPU = Debug|Any CPU
		Release|Any CPU = Release|Any CPU
	EndGlobalSection
	GlobalSection(ProjectConfigurationPlatforms) = postSolution
		{24D155BC-106E-40D0-AEC9-99F35EFA2EBA}.Debug|Any CPU.ActiveCfg = Debug|Any CPU
		{24D155BC-106E-40D0-AEC9-99F35EFA2EBA}.Debug|Any CPU.Build.0 = Debug|Any CPU
		{24D155BC-106E-40D0-AEC9-99F35EFA2EBA}.Release|Any CPU.ActiveCfg = Release|Any CPU
		{24D155BC-106E-40D0-AEC9-99F35EFA2EBA}.Release|Any CPU.Build.0 = Release|Any CPU
		{0EFACC64-8ABC-413C-96DB-47FE60E6C75E}.Debug|Any CPU.ActiveCfg = Debug|Any CPU
		{0EFACC64-8ABC-413C-96DB-47FE60E6C75E}.Debug|Any CPU.Build.0 = Debug|Any CPU
		{0EFACC64-8ABC-413C-96DB-47FE60E6C75E}.Release|Any CPU.ActiveCfg = Release|Any CPU
		{0EFACC64-8ABC-413C-96DB-47FE60E6C75E}.Release|Any CPU.Build.0 = Release|Any CPU
		{01FFCA9F-F622-4CB3-969C-E6E6ABBF2B24}.Debug|Any CPU.ActiveCfg = Debug|Any CPU
		{01FFCA9F-F622-4CB3-969C-E6E6ABBF2B24}.Debug|Any CPU.Build.0 = Debug|Any CPU
		{01FFCA9F-F622-4CB3-969C-E6E6ABBF2B24}.Release|Any CPU.ActiveCfg = Release|Any CPU
		{01FFCA9F-F622-4CB3-969C-E6E6ABBF2B24}.Release|Any CPU.Build.0 = Release|Any CPU
		{271EF271-F014-4945-81D9-01C254141ADB}.Debug|Any CPU.ActiveCfg = Debug|Any CPU
		{271EF271-F014-4945-81D9-01C254141ADB}.Debug|Any CPU.Build.0 = Debug|Any CPU
		{271EF271-F014-4945-81D9-01C254141ADB}.Release|Any CPU.ActiveCfg = Release|Any CPU
		{271EF271-F014-4945-81D9-01C254141ADB}.Release|Any CPU.Build.0 = Release|Any CPU
		{CD2BBFA7-3FFC-4666-9E05-B7521683873F}.Debug|Any CPU.ActiveCfg = Debug|Any CPU
		{CD2BBFA7-3FFC-4666-9E05-B7521683873F}.Debug|Any CPU.Build.0 = Debug|Any CPU
		{CD2BBFA7-3FFC-4666-9E05-B7521683873F}.Release|Any CPU.ActiveCfg = Release|Any CPU
		{CD2BBFA7-3FFC-4666-9E05-B7521683873F}.Release|Any CPU.Build.0 = Release|Any CPU
		{56777496-206D-4C32-B981-3047FDB6EB94}.Debug|Any CPU.ActiveCfg = Debug|Any CPU
		{56777496-206D-4C32-B981-3047FDB6EB94}.Debug|Any CPU.Build.0 = Debug|Any CPU
		{56777496-206D-4C32-B981-3047FDB6EB94}.Release|Any CPU.ActiveCfg = Release|Any CPU
		{56777496-206D-4C32-B981-3047FDB6EB94}.Release|Any CPU.Build.0 = Release|Any CPU
		{991959CD-3470-4331-A3E6-0E20EE0A86B6}.Debug|Any CPU.ActiveCfg = Debug|Any CPU
		{991959CD-3470-4331-A3E6-0E20EE0A86B6}.Debug|Any CPU.Build.0 = Debug|Any CPU
		{991959CD-3470-4331-A3E6-0E20EE0A86B6}.Release|Any CPU.ActiveCfg = Release|Any CPU
		{991959CD-3470-4331-A3E6-0E20EE0A86B6}.Release|Any CPU.Build.0 = Release|Any CPU
		{19C6D9C9-1008-4052-916D-69A0CA1FE53A}.Debug|Any CPU.ActiveCfg = Debug|Any CPU
		{19C6D9C9-1008-4052-916D-69A0CA1FE53A}.Debug|Any CPU.Build.0 = Debug|Any CPU
		{19C6D9C9-1008-4052-916D-69A0CA1FE53A}.Release|Any CPU.ActiveCfg = Release|Any CPU
		{19C6D9C9-1008-4052-916D-69A0CA1FE53A}.Release|Any CPU.Build.0 = Release|Any CPU
		{77F0F8F6-9003-4528-B9B4-31FE0DB3871B}.Debug|Any CPU.ActiveCfg = Debug|Any CPU
		{77F0F8F6-9003-4528-B9B4-31FE0DB3871B}.Debug|Any CPU.Build.0 = Debug|Any CPU
		{77F0F8F6-9003-4528-B9B4-31FE0DB3871B}.Release|Any CPU.ActiveCfg = Release|Any CPU
		{77F0F8F6-9003-4528-B9B4-31FE0DB3871B}.Release|Any CPU.Build.0 = Release|Any CPU
		{2014C7D6-67E8-46CC-9D32-9D5A2355144F}.Debug|Any CPU.ActiveCfg = Debug|Any CPU
		{2014C7D6-67E8-46CC-9D32-9D5A2355144F}.Debug|Any CPU.Build.0 = Debug|Any CPU
		{2014C7D6-67E8-46CC-9D32-9D5A2355144F}.Release|Any CPU.ActiveCfg = Release|Any CPU
		{2014C7D6-67E8-46CC-9D32-9D5A2355144F}.Release|Any CPU.Build.0 = Release|Any CPU
		{3C7A4DE4-F1E6-4CA7-B196-8A69A529AC0F}.Debug|Any CPU.ActiveCfg = Debug|Any CPU
		{3C7A4DE4-F1E6-4CA7-B196-8A69A529AC0F}.Debug|Any CPU.Build.0 = Debug|Any CPU
		{3C7A4DE4-F1E6-4CA7-B196-8A69A529AC0F}.Release|Any CPU.ActiveCfg = Release|Any CPU
		{3C7A4DE4-F1E6-4CA7-B196-8A69A529AC0F}.Release|Any CPU.Build.0 = Release|Any CPU
		{401FC313-004D-4417-B978-1719BF4A7F90}.Debug|Any CPU.ActiveCfg = Debug|Any CPU
		{401FC313-004D-4417-B978-1719BF4A7F90}.Debug|Any CPU.Build.0 = Debug|Any CPU
		{401FC313-004D-4417-B978-1719BF4A7F90}.Release|Any CPU.ActiveCfg = Release|Any CPU
		{401FC313-004D-4417-B978-1719BF4A7F90}.Release|Any CPU.Build.0 = Release|Any CPU
	EndGlobalSection
	GlobalSection(SolutionProperties) = preSolution
		HideSolutionNode = FALSE
	EndGlobalSection
	GlobalSection(ExtensibilityGlobals) = postSolution
		SolutionGuid = {6E9F96F7-152B-42AF-9018-50E1BF060827}
	EndGlobalSection
EndGlobal
